{
  "version": 4,
  "terraform_version": "1.6.3",
  "serial": 1,
  "lineage": "551ca611-71e3-23e8-9922-304dbeba3943",
  "outputs": {},
  "resources": [
    {
      "mode": "managed",
      "type": "local_file",
      "name": "exemplo",
      "provider": "provider[\"registry.terraform.io/hashicorp/local\"]",
      "instances": [
        {
          "schema_version": 0,
          "attributes": {
            "content": "teste",
            "content_base64": null,
            "content_base64sha256": "RgcNS/k0+w1LBtnixG40aUTjIkRJAKQ119mpXm10NfU=",
            "content_base64sha512": "sSPp4Z0hcWm5gaYRiJIPnShjhwmlEyIBaE15K5JkJxt/CRV+1DIbHAl/ekq+z8CXfUCn7lmchFiDvRB0yiPErw==",
            "content_md5": "698dc19d489c4e4db73e28a713eab07b",
            "content_sha1": "2e6f9b0d5885b6010f9167787445617f553a735f",
            "content_sha256": "46070d4bf934fb0d4b06d9e2c46e346944e322444900a435d7d9a95e6d7435f5",
            "content_sha512": "b123e9e19d217169b981a61188920f9d28638709a5132201684d792b9264271b7f09157ed4321b1c097f7a4abecfc0977d40a7ee599c845883bd1074ca23c4af",
            "directory_permission": "0777",
            "file_permission": "0777",
            "filename": "./exemplo.txt",
            "id": "2e6f9b0d5885b6010f9167787445617f553a735f",
            "sensitive_content": null,
            "source": null
          },
          "sensitive_attributes": []
        }
      ]
    }
  ],
  "check_results": null
}
