{
  "version": 4,
  "terraform_version": "1.6.3",
  "serial": 4,
  "lineage": "551ca611-71e3-23e8-9922-304dbeba3943",
  "outputs": {},
  "resources": [
    {
      "mode": "managed",
      "type": "local_file",
      "name": "exemplo",
      "provider": "provider[\"registry.terraform.io/hashicorp/local\"]",
      "instances": [
        {
          "schema_version": 0,
          "attributes": {
            "content": "teste 2",
            "content_base64": null,
            "content_base64sha256": "R5sVJW/02KDWv4H/JIFJhi+CMULTRfu9/lE9NTFYoZs=",
            "content_base64sha512": "pfWmaaXyXCWs6RAWWgCwOusie48wdJUZx/q4ldvQLa5Ppj3Raj13znHffUzDunarKEPsiiUhxMNnKTkffjUrlA==",
            "content_md5": "f43007f0c3e12f0b635ff6cfbc5564af",
            "content_sha1": "8204130ea9461a8a35910926efe5fb17036d66b5",
            "content_sha256": "479b15256ff4d8a0d6bf81ff248149862f823142d345fbbdfe513d353158a19b",
            "content_sha512": "a5f5a669a5f25c25ace910165a00b03aeb227b8f30749519c7fab895dbd02dae4fa63dd16a3d77ce71df7d4cc3ba76ab2843ec8a2521c4c36729391f7e352b94",
            "directory_permission": "0777",
            "file_permission": "0777",
            "filename": "./exemplo.txt",
            "id": "8204130ea9461a8a35910926efe5fb17036d66b5",
            "sensitive_content": null,
            "source": null
          },
          "sensitive_attributes": []
        }
      ]
    }
  ],
  "check_results": null
}
