{
  "version": 4,
  "terraform_version": "1.6.3",
  "serial": 10,
  "lineage": "551ca611-71e3-23e8-9922-304dbeba3943",
  "outputs": {
    "conteudo": {
      "value": "test variaveis",
      "type": "string"
    },
    "data-source-result": {
      "value": "test variaveis",
      "type": "string"
    },
    "id-file": {
      "value": "bdd577a854109617cefe94851435988364464a6a",
      "type": "string"
    }
  },
  "resources": [
    {
      "mode": "data",
      "type": "local_file",
      "name": "conteudo-exemplo",
      "provider": "provider[\"registry.terraform.io/hashicorp/local\"]",
      "instances": [
        {
          "schema_version": 0,
          "attributes": {
            "content": "test variaveis",
            "content_base64": "dGVzdCB2YXJpYXZlaXM=",
            "content_base64sha256": "D8snb78it48w+5QTIE8sh1Jj/iGtUShAErt1v/pTrLQ=",
            "content_base64sha512": "+XJKMR2wsVN565Y9KTkBRiIl6nPz82blIetKqVb7esBK42EWVDJsZGenvOuvSmzYRrAmdFYrpg7Fs2rv6eVcYQ==",
            "content_md5": "a67eccfca584f9c1249403855e8727c9",
            "content_sha1": "bdd577a854109617cefe94851435988364464a6a",
            "content_sha256": "0fcb276fbf22b78f30fb9413204f2c875263fe21ad51284012bb75bffa53acb4",
            "content_sha512": "f9724a311db0b15379eb963d293901462225ea73f3f366e521eb4aa956fb7ac04ae3611654326c6467a7bcebaf4a6cd846b02674562ba60ec5b36aefe9e55c61",
            "filename": "./exemplo.txt",
            "id": "bdd577a854109617cefe94851435988364464a6a"
          },
          "sensitive_attributes": []
        }
      ]
    },
    {
      "mode": "managed",
      "type": "local_file",
      "name": "exemplo",
      "provider": "provider[\"registry.terraform.io/hashicorp/local\"]",
      "instances": [
        {
          "schema_version": 0,
          "attributes": {
            "content": "test variaveis",
            "content_base64": null,
            "content_base64sha256": "D8snb78it48w+5QTIE8sh1Jj/iGtUShAErt1v/pTrLQ=",
            "content_base64sha512": "+XJKMR2wsVN565Y9KTkBRiIl6nPz82blIetKqVb7esBK42EWVDJsZGenvOuvSmzYRrAmdFYrpg7Fs2rv6eVcYQ==",
            "content_md5": "a67eccfca584f9c1249403855e8727c9",
            "content_sha1": "bdd577a854109617cefe94851435988364464a6a",
            "content_sha256": "0fcb276fbf22b78f30fb9413204f2c875263fe21ad51284012bb75bffa53acb4",
            "content_sha512": "f9724a311db0b15379eb963d293901462225ea73f3f366e521eb4aa956fb7ac04ae3611654326c6467a7bcebaf4a6cd846b02674562ba60ec5b36aefe9e55c61",
            "directory_permission": "0777",
            "file_permission": "0777",
            "filename": "./exemplo.txt",
            "id": "bdd577a854109617cefe94851435988364464a6a",
            "sensitive_content": null,
            "source": null
          },
          "sensitive_attributes": []
        }
      ]
    }
  ],
  "check_results": null
}
